PODS:
  - Alamofire (5.5.0)
  - Kingfisher (7.4.1)
  - RxSwift (6.5.0)

DEPENDENCIES:
  - Alamofire
  - Kingfisher
  - RxSwift

SPEC REPOS:
  trunk:
    - Alamofire
    - Kingfisher
    - RxSwift

SPEC CHECKSUMS:
  Alamofire: 1c4fb5369c3fe93d2857c780d8bbe09f06f97e7c
  Kingfisher: cd762a593a61b2fbecf7645c00f9a801a3ebfc9c
  RxSwift: 5710a9e6b17f3c3d6e40d6e559b9fa1e813b2ef8

PODFILE CHECKSUM: a83d0f0dc9f9d4a8ba20a0484209c3b6a5a75662

COCOAPODS: 1.11.3
